
Microsoft Visual Studio Solution File, Format Version 12.00
# Visual Studio Version 16
VisualStudioVersion = 16.0.30114.105
MinimumVisualStudioVersion = 10.0.40219.1
Project("{FAE04EC0-301F-11D3-BF4B-00C04F79EFBC}") = "CrystalClearRAT", "CrystalClearRAT\CrystalClearRAT.csproj", "{4113F94F-ADA2-4C7A-B100-48A7EF1773FF}"
EndProject
Project("{FAE04EC0-301F-11D3-BF4B-00C04F79EFBC}") = "Zombie", "Zombie\Zombie.csproj", "{ABA346E2-890C-43E9-BB85-930AC3EF00ED}"
EndProject
Project("{FAE04EC0-301F-11D3-BF4B-00C04F79EFBC}") = "CrystalRATShared", "CrystalRATShared\CrystalRATShared.csproj", "{C8D762AD-C62D-4C2D-9123-9A90EE48F876}"
EndProject
Project("{2150E333-8FDC-42A3-9474-1A3956D46DE8}") = "Solution Items", "Solution Items", "{99FC4DDD-FA7C-42BA-A208-26C33BD583EA}"
	ProjectSection(SolutionItems) = preProject
		.editorconfig = .editorconfig
	EndProjectSection
EndProject
Global
	GlobalSection(SolutionConfigurationPlatforms) = preSolution
		Debug|Any CPU = Debug|Any CPU
		Release|Any CPU = Release|Any CPU
	EndGlobalSection
	GlobalSection(ProjectConfigurationPlatforms) = postSolution
		{4113F94F-ADA2-4C7A-B100-48A7EF1773FF}.Debug|Any CPU.ActiveCfg = Debug|Any CPU
		{4113F94F-ADA2-4C7A-B100-48A7EF1773FF}.Debug|Any CPU.Build.0 = Debug|Any CPU
		{4113F94F-ADA2-4C7A-B100-48A7EF1773FF}.Release|Any CPU.ActiveCfg = Release|Any CPU
		{4113F94F-ADA2-4C7A-B100-48A7EF1773FF}.Release|Any CPU.Build.0 = Release|Any CPU
		{ABA346E2-890C-43E9-BB85-930AC3EF00ED}.Debug|Any CPU.ActiveCfg = Debug|Any CPU
		{ABA346E2-890C-43E9-BB85-930AC3EF00ED}.Debug|Any CPU.Build.0 = Debug|Any CPU
		{ABA346E2-890C-43E9-BB85-930AC3EF00ED}.Release|Any CPU.ActiveCfg = Release|Any CPU
		{ABA346E2-890C-43E9-BB85-930AC3EF00ED}.Release|Any CPU.Build.0 = Release|Any CPU
		{C8D762AD-C62D-4C2D-9123-9A90EE48F876}.Debug|Any CPU.ActiveCfg = Debug|Any CPU
		{C8D762AD-C62D-4C2D-9123-9A90EE48F876}.Debug|Any CPU.Build.0 = Debug|Any CPU
		{C8D762AD-C62D-4C2D-9123-9A90EE48F876}.Release|Any CPU.ActiveCfg = Release|Any CPU
		{C8D762AD-C62D-4C2D-9123-9A90EE48F876}.Release|Any CPU.Build.0 = Release|Any CPU
	EndGlobalSection
	GlobalSection(SolutionProperties) = preSolution
		HideSolutionNode = FALSE
	EndGlobalSection
	GlobalSection(ExtensibilityGlobals) = postSolution
		SolutionGuid = {EB973EB1-CECC-4C38-8798-A94F12431B12}
	EndGlobalSection
EndGlobal
